
Microsoft Visual Studio Solution File, Format Version 12.00
# Visual Studio 14
VisualStudioVersion = 14.0.25420.1
MinimumVisualStudioVersion = 10.0.40219.1
Project("{FAE04EC0-301F-11D3-BF4B-00C04F79EFBC}") = "InvertedTomato.VariableLengthIntegers", "InvertedTomato.VariableLengthIntegers\InvertedTomato.VariableLengthIntegers.csproj", "{0F6CCE15-A4C5-4C22-BD26-330B8F38ECE6}"
EndProject
Project("{FAE04EC0-301F-11D3-BF4B-00C04F79EFBC}") = "InvertedTomato.VariableLengthIntegers.Tests", "InvertedTomato.VariableLengthIntegers.Tests\InvertedTomato.VariableLengthIntegers.Tests.csproj", "{8BA8B009-9E2E-4658-80FA-A23724CED388}"
EndProject
Project("{FAE04EC0-301F-11D3-BF4B-00C04F79EFBC}") = "InvertedTomato.VariableLengthIntegers.Benchmark", "InvertedTomato.VariableLengthIntegers.Benchmark\InvertedTomato.VariableLengthIntegers.Benchmark.csproj", "{F7F53288-1FF9-4AA1-8D95-68ADF8877478}"
EndProject
Global
	GlobalSection(Performance) = preSolution
		HasPerformanceSessions = true
	EndGlobalSection
	GlobalSection(SolutionConfigurationPlatforms) = preSolution
		Debug|Any CPU = Debug|Any CPU
		Release|Any CPU = Release|Any CPU
	EndGlobalSection
	GlobalSection(ProjectConfigurationPlatforms) = postSolution
		{0F6CCE15-A4C5-4C22-BD26-330B8F38ECE6}.Debug|Any CPU.ActiveCfg = Debug|Any CPU
		{0F6CCE15-A4C5-4C22-BD26-330B8F38ECE6}.Debug|Any CPU.Build.0 = Debug|Any CPU
		{0F6CCE15-A4C5-4C22-BD26-330B8F38ECE6}.Release|Any CPU.ActiveCfg = Release|Any CPU
		{0F6CCE15-A4C5-4C22-BD26-330B8F38ECE6}.Release|Any CPU.Build.0 = Release|Any CPU
		{8BA8B009-9E2E-4658-80FA-A23724CED388}.Debug|Any CPU.ActiveCfg = Debug|Any CPU
		{8BA8B009-9E2E-4658-80FA-A23724CED388}.Debug|Any CPU.Build.0 = Debug|Any CPU
		{8BA8B009-9E2E-4658-80FA-A23724CED388}.Release|Any CPU.ActiveCfg = Release|Any CPU
		{8BA8B009-9E2E-4658-80FA-A23724CED388}.Release|Any CPU.Build.0 = Release|Any CPU
		{F7F53288-1FF9-4AA1-8D95-68ADF8877478}.Debug|Any CPU.ActiveCfg = Debug|Any CPU
		{F7F53288-1FF9-4AA1-8D95-68ADF8877478}.Debug|Any CPU.Build.0 = Debug|Any CPU
		{F7F53288-1FF9-4AA1-8D95-68ADF8877478}.Release|Any CPU.ActiveCfg = Release|Any CPU
		{F7F53288-1FF9-4AA1-8D95-68ADF8877478}.Release|Any CPU.Build.0 = Release|Any CPU
	EndGlobalSection
	GlobalSection(SolutionProperties) = preSolution
		HideSolutionNode = FALSE
	EndGlobalSection
EndGlobal
